
Microsoft Visual Studio Solution File, Format Version 12.00
# Visual Studio Version 16
VisualStudioVersion = 16.0.31005.135
MinimumVisualStudioVersion = 10.0.40219.1
Project("{9A19103F-16F7-4668-BE54-9A1E7A4F7556}") = "SYS_PR_Zermat.CS", "SYS_PR_Acceso.CS\SYS_PR_Zermat.CS.csproj", "{7C5AC2A6-8E04-45E6-A689-44F0F8F5456D}"
EndProject
Project("{2150E333-8FDC-42A3-9474-1A3956D46DE8}") = "Zermat", "Zermat", "{028DA73C-D5E2-4169-AD54-71CF9859EB4E}"
EndProject
Project("{2150E333-8FDC-42A3-9474-1A3956D46DE8}") = "Capa de Datos", "Capa de Datos", "{087597B3-BE67-4533-AEDD-4D80B9482291}"
EndProject
Project("{2150E333-8FDC-42A3-9474-1A3956D46DE8}") = "Capa de Negocio", "Capa de Negocio", "{5FE59F6D-89B2-4442-A432-27AB3261B487}"
EndProject
Project("{2150E333-8FDC-42A3-9474-1A3956D46DE8}") = "Capa de Servicio", "Capa de Servicio", "{29E4E705-084D-4286-88DE-913CFF9C5B8C}"
EndProject
Project("{2150E333-8FDC-42A3-9474-1A3956D46DE8}") = "Conexion BD", "Conexion BD", "{97535628-E798-4525-B73D-772653D97D83}"
EndProject
Project("{2150E333-8FDC-42A3-9474-1A3956D46DE8}") = "Nucleo", "Nucleo", "{F6A53AB4-EFF7-44B9-B558-0F433DB29833}"
EndProject
Project("{9A19103F-16F7-4668-BE54-9A1E7A4F7556}") = "SYS_PR_ConexionBD", "SYS_PR_ConexionBD\SYS_PR_ConexionBD.csproj", "{FF0A60EC-BDB4-459B-B36D-820C27F74F17}"
EndProject
Project("{9A19103F-16F7-4668-BE54-9A1E7A4F7556}") = "SYS_PR_ZERMAT.CN", "SYS_PR_Zermatusa.CN\SYS_PR_ZERMAT.CN.csproj", "{1F48EE81-57F6-4F5E-8E74-CF3B8EC3910A}"
EndProject
Project("{9A19103F-16F7-4668-BE54-9A1E7A4F7556}") = "SYS_PR_Zermat.CD", "SYS_PR_Zermatusa.CD\SYS_PR_Zermat.CD.csproj", "{B52E1920-89FC-47C4-86CB-4126A1AAC6BC}"
EndProject
Project("{9A19103F-16F7-4668-BE54-9A1E7A4F7556}") = "SYS_PR_Nucleo", "SYS_PR_Nucleo\SYS_PR_Nucleo.csproj", "{184F33A2-4832-4CE1-A25C-430D459E2A2F}"
EndProject
Global
	GlobalSection(SolutionConfigurationPlatforms) = preSolution
		Debug|Any CPU = Debug|Any CPU
		Debug|x86 = Debug|x86
		Release|Any CPU = Release|Any CPU
		Release|x86 = Release|x86
	EndGlobalSection
	GlobalSection(ProjectConfigurationPlatforms) = postSolution
		{7C5AC2A6-8E04-45E6-A689-44F0F8F5456D}.Debug|Any CPU.ActiveCfg = Debug|Any CPU
		{7C5AC2A6-8E04-45E6-A689-44F0F8F5456D}.Debug|Any CPU.Build.0 = Debug|Any CPU
		{7C5AC2A6-8E04-45E6-A689-44F0F8F5456D}.Debug|x86.ActiveCfg = Debug|x86
		{7C5AC2A6-8E04-45E6-A689-44F0F8F5456D}.Debug|x86.Build.0 = Debug|x86
		{7C5AC2A6-8E04-45E6-A689-44F0F8F5456D}.Release|Any CPU.ActiveCfg = Release|Any CPU
		{7C5AC2A6-8E04-45E6-A689-44F0F8F5456D}.Release|Any CPU.Build.0 = Release|Any CPU
		{7C5AC2A6-8E04-45E6-A689-44F0F8F5456D}.Release|x86.ActiveCfg = Release|x86
		{7C5AC2A6-8E04-45E6-A689-44F0F8F5456D}.Release|x86.Build.0 = Release|x86
		{FF0A60EC-BDB4-459B-B36D-820C27F74F17}.Debug|Any CPU.ActiveCfg = Debug|Any CPU
		{FF0A60EC-BDB4-459B-B36D-820C27F74F17}.Debug|Any CPU.Build.0 = Debug|Any CPU
		{FF0A60EC-BDB4-459B-B36D-820C27F74F17}.Debug|x86.ActiveCfg = Debug|x86
		{FF0A60EC-BDB4-459B-B36D-820C27F74F17}.Debug|x86.Build.0 = Debug|x86
		{FF0A60EC-BDB4-459B-B36D-820C27F74F17}.Release|Any CPU.ActiveCfg = Release|Any CPU
		{FF0A60EC-BDB4-459B-B36D-820C27F74F17}.Release|Any CPU.Build.0 = Release|Any CPU
		{FF0A60EC-BDB4-459B-B36D-820C27F74F17}.Release|x86.ActiveCfg = Release|x86
		{FF0A60EC-BDB4-459B-B36D-820C27F74F17}.Release|x86.Build.0 = Release|x86
		{1F48EE81-57F6-4F5E-8E74-CF3B8EC3910A}.Debug|Any CPU.ActiveCfg = Debug|Any CPU
		{1F48EE81-57F6-4F5E-8E74-CF3B8EC3910A}.Debug|Any CPU.Build.0 = Debug|Any CPU
		{1F48EE81-57F6-4F5E-8E74-CF3B8EC3910A}.Debug|x86.ActiveCfg = Debug|x86
		{1F48EE81-57F6-4F5E-8E74-CF3B8EC3910A}.Debug|x86.Build.0 = Debug|x86
		{1F48EE81-57F6-4F5E-8E74-CF3B8EC3910A}.Release|Any CPU.ActiveCfg = Release|Any CPU
		{1F48EE81-57F6-4F5E-8E74-CF3B8EC3910A}.Release|Any CPU.Build.0 = Release|Any CPU
		{1F48EE81-57F6-4F5E-8E74-CF3B8EC3910A}.Release|x86.ActiveCfg = Release|x86
		{1F48EE81-57F6-4F5E-8E74-CF3B8EC3910A}.Release|x86.Build.0 = Release|x86
		{B52E1920-89FC-47C4-86CB-4126A1AAC6BC}.Debug|Any CPU.ActiveCfg = Debug|Any CPU
		{B52E1920-89FC-47C4-86CB-4126A1AAC6BC}.Debug|Any CPU.Build.0 = Debug|Any CPU
		{B52E1920-89FC-47C4-86CB-4126A1AAC6BC}.Debug|x86.ActiveCfg = Debug|Any CPU
		{B52E1920-89FC-47C4-86CB-4126A1AAC6BC}.Debug|x86.Build.0 = Debug|Any CPU
		{B52E1920-89FC-47C4-86CB-4126A1AAC6BC}.Release|Any CPU.ActiveCfg = Release|Any CPU
		{B52E1920-89FC-47C4-86CB-4126A1AAC6BC}.Release|Any CPU.Build.0 = Release|Any CPU
		{B52E1920-89FC-47C4-86CB-4126A1AAC6BC}.Release|x86.ActiveCfg = Release|Any CPU
		{B52E1920-89FC-47C4-86CB-4126A1AAC6BC}.Release|x86.Build.0 = Release|Any CPU
		{184F33A2-4832-4CE1-A25C-430D459E2A2F}.Debug|Any CPU.ActiveCfg = Debug|Any CPU
		{184F33A2-4832-4CE1-A25C-430D459E2A2F}.Debug|Any CPU.Build.0 = Debug|Any CPU
		{184F33A2-4832-4CE1-A25C-430D459E2A2F}.Debug|x86.ActiveCfg = Debug|x86
		{184F33A2-4832-4CE1-A25C-430D459E2A2F}.Debug|x86.Build.0 = Debug|x86
		{184F33A2-4832-4CE1-A25C-430D459E2A2F}.Release|Any CPU.ActiveCfg = Release|Any CPU
		{184F33A2-4832-4CE1-A25C-430D459E2A2F}.Release|Any CPU.Build.0 = Release|Any CPU
		{184F33A2-4832-4CE1-A25C-430D459E2A2F}.Release|x86.ActiveCfg = Release|x86
		{184F33A2-4832-4CE1-A25C-430D459E2A2F}.Release|x86.Build.0 = Release|x86
	EndGlobalSection
	GlobalSection(SolutionProperties) = preSolution
		HideSolutionNode = FALSE
	EndGlobalSection
	GlobalSection(NestedProjects) = preSolution
		{7C5AC2A6-8E04-45E6-A689-44F0F8F5456D} = {29E4E705-084D-4286-88DE-913CFF9C5B8C}
		{087597B3-BE67-4533-AEDD-4D80B9482291} = {028DA73C-D5E2-4169-AD54-71CF9859EB4E}
		{5FE59F6D-89B2-4442-A432-27AB3261B487} = {028DA73C-D5E2-4169-AD54-71CF9859EB4E}
		{29E4E705-084D-4286-88DE-913CFF9C5B8C} = {028DA73C-D5E2-4169-AD54-71CF9859EB4E}
		{FF0A60EC-BDB4-459B-B36D-820C27F74F17} = {97535628-E798-4525-B73D-772653D97D83}
		{1F48EE81-57F6-4F5E-8E74-CF3B8EC3910A} = {5FE59F6D-89B2-4442-A432-27AB3261B487}
		{B52E1920-89FC-47C4-86CB-4126A1AAC6BC} = {087597B3-BE67-4533-AEDD-4D80B9482291}
		{184F33A2-4832-4CE1-A25C-430D459E2A2F} = {F6A53AB4-EFF7-44B9-B558-0F433DB29833}
	EndGlobalSection
	GlobalSection(ExtensibilityGlobals) = postSolution
		SolutionGuid = {24973943-DBED-48C0-BF21-6FD15E035101}
	EndGlobalSection
EndGlobal
